
Microsoft Visual Studio Solution File, Format Version 12.00
Project("{FAE04EC0-301F-11D3-BF4B-00C04F79EFBC}") = "ImageFilters", "ImageFilters\ImageFilters.csproj", "{618081B5-E5C5-4379-96AF-194AA04988FB}"
EndProject
Global
	GlobalSection(SolutionConfigurationPlatforms) = preSolution
		Debug|Any CPU = Debug|Any CPU
		Release|Any CPU = Release|Any CPU
	EndGlobalSection
	GlobalSection(ProjectConfigurationPlatforms) = postSolution
		{618081B5-E5C5-4379-96AF-194AA04988FB}.Debug|Any CPU.ActiveCfg = Debug|Any CPU
		{618081B5-E5C5-4379-96AF-194AA04988FB}.Debug|Any CPU.Build.0 = Debug|Any CPU
		{618081B5-E5C5-4379-96AF-194AA04988FB}.Release|Any CPU.ActiveCfg = Release|Any CPU
		{618081B5-E5C5-4379-96AF-194AA04988FB}.Release|Any CPU.Build.0 = Release|Any CPU
	EndGlobalSection
EndGlobal
